// !$*UTF8*$!
{
	archiveVersion = 1;
	classes = {
	};
	objectVersion = 46;
	objects = {

/* Begin PBXBuildFile section */
		569BD6341B2562B6005D7F32 /* DeleteLabelTests.m in Sources */ = {isa = PBXBuildFile; fileRef = 569BD6331B2562B6005D7F32 /* DeleteLabelTests.m */; };
		569BD6461B2584D6005D7F32 /* CoreText.framework in Frameworks */ = {isa = PBXBuildFile; fileRef = 569BD6451B2584D6005D7F32 /* CoreText.framework */; };
		569BD6701B25AB09005D7F32 /* AppDelegate.m in Sources */ = {isa = PBXBuildFile; fileRef = 569BD6611B25AB09005D7F32 /* AppDelegate.m */; };
		569BD6711B25AB09005D7F32 /* LaunchScreen.xib in Resources */ = {isa = PBXBuildFile; fileRef = 569BD6631B25AB09005D7F32 /* LaunchScreen.xib */; };
		569BD6721B25AB09005D7F32 /* Main.storyboard in Resources */ = {isa = PBXBuildFile; fileRef = 569BD6651B25AB09005D7F32 /* Main.storyboard */; };
		569BD6741B25AB09005D7F32 /* Images.xcassets in Resources */ = {isa = PBXBuildFile; fileRef = 569BD6691B25AB09005D7F32 /* Images.xcassets */; };
		569BD6751B25AB09005D7F32 /* Info.plist in Resources */ = {isa = PBXBuildFile; fileRef = 569BD66A1B25AB09005D7F32 /* Info.plist */; };
		569BD6761B25AB09005D7F32 /* main.m in Sources */ = {isa = PBXBuildFile; fileRef = 569BD66B1B25AB09005D7F32 /* main.m */; };
		569BD6771B25AB09005D7F32 /* UILabel+htmlText.m in Sources */ = {isa = PBXBuildFile; fileRef = 569BD66D1B25AB09005D7F32 /* UILabel+htmlText.m */; };
		569BD6781B25AB09005D7F32 /* ViewController.m in Sources */ = {isa = PBXBuildFile; fileRef = 569BD66F1B25AB09005D7F32 /* ViewController.m */; };
/* End PBXBuildFile section */

/* Begin PBXContainerItemProxy section */
		569BD62E1B2562B6005D7F32 /* PBXContainerItemProxy */ = {
			isa = PBXContainerItemProxy;
			containerPortal = 569BD60C1B2562B5005D7F32 /* Project object */;
			proxyType = 1;
			remoteGlobalIDString = 569BD6131B2562B5005D7F32;
			remoteInfo = DeleteLabel;
		};
/* End PBXContainerItemProxy section */

/* Begin PBXFileReference section */
		569BD6141B2562B5005D7F32 /* htmlLabel.app */ = {isa = PBXFileReference; explicitFileType = wrapper.application; includeInIndex = 0; path = htmlLabel.app; sourceTree = BUILT_PRODUCTS_DIR; };
		569BD62D1B2562B6005D7F32 /* htmlLabelTests.xctest */ = {isa = PBXFileReference; explicitFileType = wrapper.cfbundle; includeInIndex = 0; path = htmlLabelTests.xctest; sourceTree = BUILT_PRODUCTS_DIR; };
		569BD6321B2562B6005D7F32 /* Info.plist */ = {isa = PBXFileReference; lastKnownFileType = text.plist.xml; path = Info.plist; sourceTree = "<group>"; };
		569BD6331B2562B6005D7F32 /* DeleteLabelTests.m */ = {isa = PBXFileReference; lastKnownFileType = sourcecode.c.objc; path = DeleteLabelTests.m; sourceTree = "<group>"; };
		569BD6451B2584D6005D7F32 /* CoreText.framework */ = {isa = PBXFileReference; lastKnownFileType = wrapper.framework; name = CoreText.framework; path = System/Library/Frameworks/CoreText.framework; sourceTree = SDKROOT; };
		569BD6601B25AB09005D7F32 /* AppDelegate.h */ = {isa = PBXFileReference; fileEncoding = 4; lastKnownFileType = sourcecode.c.h; name = AppDelegate.h; path = htmlLabel/AppDelegate.h; sourceTree = SOURCE_ROOT; };
		569BD6611B25AB09005D7F32 /* AppDelegate.m */ = {isa = PBXFileReference; fileEncoding = 4; lastKnownFileType = sourcecode.c.objc; name = AppDelegate.m; path = htmlLabel/AppDelegate.m; sourceTree = SOURCE_ROOT; };
		569BD6641B25AB09005D7F32 /* Base */ = {isa = PBXFileReference; lastKnownFileType = file.xib; name = Base; path = LaunchScreen.xib; sourceTree = "<group>"; };
		569BD6661B25AB09005D7F32 /* Base */ = {isa = PBXFileReference; lastKnownFileType = file.storyboard; name = Base; path = Main.storyboard; sourceTree = "<group>"; };
		569BD6691B25AB09005D7F32 /* Images.xcassets */ = {isa = PBXFileReference; lastKnownFileType = folder.assetcatalog; name = Images.xcassets; path = htmlLabel/Images.xcassets; sourceTree = SOURCE_ROOT; };
		569BD66A1B25AB09005D7F32 /* Info.plist */ = {isa = PBXFileReference; fileEncoding = 4; lastKnownFileType = text.plist.xml; name = Info.plist; path = htmlLabel/Info.plist; sourceTree = SOURCE_ROOT; };
		569BD66B1B25AB09005D7F32 /* main.m */ = {isa = PBXFileReference; fileEncoding = 4; lastKnownFileType = sourcecode.c.objc; name = main.m; path = htmlLabel/main.m; sourceTree = SOURCE_ROOT; };
		569BD66C1B25AB09005D7F32 /* UILabel+htmlText.h */ = {isa = PBXFileReference; fileEncoding = 4; lastKnownFileType = sourcecode.c.h; name = "UILabel+htmlText.h"; path = "htmlLabel/UILabel+htmlText.h"; sourceTree = SOURCE_ROOT; };
		569BD66D1B25AB09005D7F32 /* UILabel+htmlText.m */ = {isa = PBXFileReference; fileEncoding = 4; lastKnownFileType = sourcecode.c.objc; name = "UILabel+htmlText.m"; path = "htmlLabel/UILabel+htmlText.m"; sourceTree = SOURCE_ROOT; };
		569BD66E1B25AB09005D7F32 /* ViewController.h */ = {isa = PBXFileReference; fileEncoding = 4; lastKnownFileType = sourcecode.c.h; name = ViewController.h; path = htmlLabel/ViewController.h; sourceTree = SOURCE_ROOT; };
		569BD66F1B25AB09005D7F32 /* ViewController.m */ = {isa = PBXFileReference; fileEncoding = 4; lastKnownFileType = sourcecode.c.objc; name = ViewController.m; path = htmlLabel/ViewController.m; sourceTree = SOURCE_ROOT; };
/* End PBXFileReference section */

/* Begin PBXFrameworksBuildPhase section */
		569BD6111B2562B5005D7F32 /* Frameworks */ = {
			isa = PBXFrameworksBuildPhase;
			buildActionMask = 2147483647;
			files = (
				569BD6461B2584D6005D7F32 /* CoreText.framework in Frameworks */,
			);
			runOnlyForDeploymentPostprocessing = 0;
		};
		569BD62A1B2562B6005D7F32 /* Frameworks */ = {
			isa = PBXFrameworksBuildPhase;
			buildActionMask = 2147483647;
			files = (
			);
			runOnlyForDeploymentPostprocessing = 0;
		};
/* End PBXFrameworksBuildPhase section */

/* Begin PBXGroup section */
		569BD60B1B2562B5005D7F32 = {
			isa = PBXGroup;
			children = (
				569BD6451B2584D6005D7F32 /* CoreText.framework */,
				569BD6161B2562B5005D7F32 /* htmlLabel */,
				569BD6301B2562B6005D7F32 /* DeleteLabelTests */,
				569BD6151B2562B5005D7F32 /* Products */,
			);
			sourceTree = "<group>";
		};
		569BD6151B2562B5005D7F32 /* Products */ = {
			isa = PBXGroup;
			children = (
				569BD6141B2562B5005D7F32 /* htmlLabel.app */,
				569BD62D1B2562B6005D7F32 /* htmlLabelTests.xctest */,
			);
			name = Products;
			sourceTree = "<group>";
		};
		569BD6161B2562B5005D7F32 /* htmlLabel */ = {
			isa = PBXGroup;
			children = (
				569BD6601B25AB09005D7F32 /* AppDelegate.h */,
				569BD6611B25AB09005D7F32 /* AppDelegate.m */,
				569BD66C1B25AB09005D7F32 /* UILabel+htmlText.h */,
				569BD66D1B25AB09005D7F32 /* UILabel+htmlText.m */,
				569BD66E1B25AB09005D7F32 /* ViewController.h */,
				569BD66F1B25AB09005D7F32 /* ViewController.m */,
				569BD6791B25AB11005D7F32 /* Sourport files */,
			);
			name = htmlLabel;
			path = DeleteLabel;
			sourceTree = "<group>";
		};
		569BD6301B2562B6005D7F32 /* DeleteLabelTests */ = {
			isa = PBXGroup;
			children = (
				569BD6331B2562B6005D7F32 /* DeleteLabelTests.m */,
				569BD6311B2562B6005D7F32 /* Supporting Files */,
			);
			path = DeleteLabelTests;
			sourceTree = "<group>";
		};
		569BD6311B2562B6005D7F32 /* Supporting Files */ = {
			isa = PBXGroup;
			children = (
				569BD6321B2562B6005D7F32 /* Info.plist */,
			);
			name = "Supporting Files";
			sourceTree = "<group>";
		};
		569BD6621B25AB09005D7F32 /* Base.lproj */ = {
			isa = PBXGroup;
			children = (
				569BD6631B25AB09005D7F32 /* LaunchScreen.xib */,
				569BD6651B25AB09005D7F32 /* Main.storyboard */,
			);
			name = Base.lproj;
			path = htmlLabel/Base.lproj;
			sourceTree = SOURCE_ROOT;
		};
		569BD6791B25AB11005D7F32 /* Sourport files */ = {
			isa = PBXGroup;
			children = (
				569BD6691B25AB09005D7F32 /* Images.xcassets */,
				569BD6621B25AB09005D7F32 /* Base.lproj */,
				569BD66A1B25AB09005D7F32 /* Info.plist */,
				569BD66B1B25AB09005D7F32 /* main.m */,
			);
			name = "Sourport files";
			sourceTree = "<group>";
		};
/* End PBXGroup section */

/* Begin PBXNativeTarget section */
		569BD6131B2562B5005D7F32 /* htmlLabel */ = {
			isa = PBXNativeTarget;
			buildConfigurationList = 569BD6371B2562B6005D7F32 /* Build configuration list for PBXNativeTarget "htmlLabel" */;
			buildPhases = (
				569BD6101B2562B5005D7F32 /* Sources */,
				569BD6111B2562B5005D7F32 /* Frameworks */,
				569BD6121B2562B5005D7F32 /* Resources */,
			);
			buildRules = (
			);
			dependencies = (
			);
			name = htmlLabel;
			productName = DeleteLabel;
			productReference = 569BD6141B2562B5005D7F32 /* htmlLabel.app */;
			productType = "com.apple.product-type.application";
		};
		569BD62C1B2562B6005D7F32 /* htmlLabelTests */ = {
			isa = PBXNativeTarget;
			buildConfigurationList = 569BD63A1B2562B6005D7F32 /* Build configuration list for PBXNativeTarget "htmlLabelTests" */;
			buildPhases = (
				569BD6291B2562B6005D7F32 /* Sources */,
				569BD62A1B2562B6005D7F32 /* Frameworks */,
				569BD62B1B2562B6005D7F32 /* Resources */,
			);
			buildRules = (
			);
			dependencies = (
				569BD62F1B2562B6005D7F32 /* PBXTargetDependency */,
			);
			name = htmlLabelTests;
			productName = DeleteLabelTests;
			productReference = 569BD62D1B2562B6005D7F32 /* htmlLabelTests.xctest */;
			productType = "com.apple.product-type.bundle.unit-test";
		};
/* End PBXNativeTarget section */

/* Begin PBXProject section */
		569BD60C1B2562B5005D7F32 /* Project object */ = {
			isa = PBXProject;
			attributes = {
				LastUpgradeCheck = 0630;
				ORGANIZATIONNAME = Binglin;
				TargetAttributes = {
					569BD6131B2562B5005D7F32 = {
						CreatedOnToolsVersion = 6.3;
					};
					569BD62C1B2562B6005D7F32 = {
						CreatedOnToolsVersion = 6.3;
						TestTargetID = 569BD6131B2562B5005D7F32;
					};
				};
			};
			buildConfigurationList = 569BD60F1B2562B5005D7F32 /* Build configuration list for PBXProject "htmlLabel" */;
			compatibilityVersion = "Xcode 3.2";
			developmentRegion = English;
			hasScannedForEncodings = 0;
			knownRegions = (
				en,
				Base,
			);
			mainGroup = 569BD60B1B2562B5005D7F32;
			productRefGroup = 569BD6151B2562B5005D7F32 /* Products */;
			projectDirPath = "";
			projectRoot = "";
			targets = (
				569BD6131B2562B5005D7F32 /* htmlLabel */,
				569BD62C1B2562B6005D7F32 /* htmlLabelTests */,
			);
		};
/* End PBXProject section */

/* Begin PBXResourcesBuildPhase section */
		569BD6121B2562B5005D7F32 /* Resources */ = {
			isa = PBXResourcesBuildPhase;
			buildActionMask = 2147483647;
			files = (
				569BD6751B25AB09005D7F32 /* Info.plist in Resources */,
				569BD6741B25AB09005D7F32 /* Images.xcassets in Resources */,
				569BD6711B25AB09005D7F32 /* LaunchScreen.xib in Resources */,
				569BD6721B25AB09005D7F32 /* Main.storyboard in Resources */,
			);
			runOnlyForDeploymentPostprocessing = 0;
		};
		569BD62B1B2562B6005D7F32 /* Resources */ = {
			isa = PBXResourcesBuildPhase;
			buildActionMask = 2147483647;
			files = (
			);
			runOnlyForDeploymentPostprocessing = 0;
		};
/* End PBXResourcesBuildPhase section */

/* Begin PBXSourcesBuildPhase section */
		569BD6101B2562B5005D7F32 /* Sources */ = {
			isa = PBXSourcesBuildPhase;
			buildActionMask = 2147483647;
			files = (
				569BD6771B25AB09005D7F32 /* UILabel+htmlText.m in Sources */,
				569BD6701B25AB09005D7F32 /* AppDelegate.m in Sources */,
				569BD6761B25AB09005D7F32 /* main.m in Sources */,
				569BD6781B25AB09005D7F32 /* ViewController.m in Sources */,
			);
			runOnlyForDeploymentPostprocessing = 0;
		};
		569BD6291B2562B6005D7F32 /* Sources */ = {
			isa = PBXSourcesBuildPhase;
			buildActionMask = 2147483647;
			files = (
				569BD6341B2562B6005D7F32 /* DeleteLabelTests.m in Sources */,
			);
			runOnlyForDeploymentPostprocessing = 0;
		};
/* End PBXSourcesBuildPhase section */

/* Begin PBXTargetDependency section */
		569BD62F1B2562B6005D7F32 /* PBXTargetDependency */ = {
			isa = PBXTargetDependency;
			target = 569BD6131B2562B5005D7F32 /* htmlLabel */;
			targetProxy = 569BD62E1B2562B6005D7F32 /* PBXContainerItemProxy */;
		};
/* End PBXTargetDependency section */

/* Begin PBXVariantGroup section */
		569BD6631B25AB09005D7F32 /* LaunchScreen.xib */ = {
			isa = PBXVariantGroup;
			children = (
				569BD6641B25AB09005D7F32 /* Base */,
			);
			name = LaunchScreen.xib;
			sourceTree = "<group>";
		};
		569BD6651B25AB09005D7F32 /* Main.storyboard */ = {
			isa = PBXVariantGroup;
			children = (
				569BD6661B25AB09005D7F32 /* Base */,
			);
			name = Main.storyboard;
			sourceTree = "<group>";
		};
/* End PBXVariantGroup section */

/* Begin XCBuildConfiguration section */
		569BD6351B2562B6005D7F32 /* Debug */ = {
			isa = XCBuildConfiguration;
			buildSettings = {
				ALWAYS_SEARCH_USER_PATHS = NO;
				CLANG_CXX_LANGUAGE_STANDARD = "gnu++0x";
				CLANG_CXX_LIBRARY = "libc++";
				CLANG_ENABLE_MODULES = YES;
				CLANG_ENABLE_OBJC_ARC = YES;
				CLANG_WARN_BOOL_CONVERSION = YES;
				CLANG_WARN_CONSTANT_CONVERSION = YES;
				CLANG_WARN_DIRECT_OBJC_ISA_USAGE = YES_ERROR;
				CLANG_WARN_EMPTY_BODY = YES;
				CLANG_WARN_ENUM_CONVERSION = YES;
				CLANG_WARN_INT_CONVERSION = YES;
				CLANG_WARN_OBJC_ROOT_CLASS = YES_ERROR;
				CLANG_WARN_UNREACHABLE_CODE = YES;
				CLANG_WARN__DUPLICATE_METHOD_MATCH = YES;
				"CODE_SIGN_IDENTITY[sdk=iphoneos*]" = "iPhone Developer";
				COPY_PHASE_STRIP = NO;
				DEBUG_INFORMATION_FORMAT = "dwarf-with-dsym";
				ENABLE_STRICT_OBJC_MSGSEND = YES;
				GCC_C_LANGUAGE_STANDARD = gnu99;
				GCC_DYNAMIC_NO_PIC = NO;
				GCC_NO_COMMON_BLOCKS = YES;
				GCC_OPTIMIZATION_LEVEL = 0;
				GCC_PREPROCESSOR_DEFINITIONS = (
					"DEBUG=1",
					"$(inherited)",
				);
				GCC_SYMBOLS_PRIVATE_EXTERN = NO;
				GCC_WARN_64_TO_32_BIT_CONVERSION = YES;
				GCC_WARN_ABOUT_RETURN_TYPE = YES_ERROR;
				GCC_WARN_UNDECLARED_SELECTOR = YES;
				GCC_WARN_UNINITIALIZED_AUTOS = YES_AGGRESSIVE;
				GCC_WARN_UNUSED_FUNCTION = YES;
				GCC_WARN_UNUSED_VARIABLE = YES;
				IPHONEOS_DEPLOYMENT_TARGET = 8.3;
				MTL_ENABLE_DEBUG_INFO = YES;
				ONLY_ACTIVE_ARCH = YES;
				SDKROOT = iphoneos;
				TARGETED_DEVICE_FAMILY = "1,2";
			};
			name = Debug;
		};
		569BD6361B2562B6005D7F32 /* Release */ = {
			isa = XCBuildConfiguration;
			buildSettings = {
				ALWAYS_SEARCH_USER_PATHS = NO;
				CLANG_CXX_LANGUAGE_STANDARD = "gnu++0x";
				CLANG_CXX_LIBRARY = "libc++";
				CLANG_ENABLE_MODULES = YES;
				CLANG_ENABLE_OBJC_ARC = YES;
				CLANG_WARN_BOOL_CONVERSION = YES;
				CLANG_WARN_CONSTANT_CONVERSION = YES;
				CLANG_WARN_DIRECT_OBJC_ISA_USAGE = YES_ERROR;
				CLANG_WARN_EMPTY_BODY = YES;
				CLANG_WARN_ENUM_CONVERSION = YES;
				CLANG_WARN_INT_CONVERSION = YES;
				CLANG_WARN_OBJC_ROOT_CLASS = YES_ERROR;
				CLANG_WARN_UNREACHABLE_CODE = YES;
				CLANG_WARN__DUPLICATE_METHOD_MATCH = YES;
				"CODE_SIGN_IDENTITY[sdk=iphoneos*]" = "iPhone Developer";
				COPY_PHASE_STRIP = NO;
				DEBUG_INFORMATION_FORMAT = "dwarf-with-dsym";
				ENABLE_NS_ASSERTIONS = NO;
				ENABLE_STRICT_OBJC_MSGSEND = YES;
				GCC_C_LANGUAGE_STANDARD = gnu99;
				GCC_NO_COMMON_BLOCKS = YES;
				GCC_WARN_64_TO_32_BIT_CONVERSION = YES;
				GCC_WARN_ABOUT_RETURN_TYPE = YES_ERROR;
				GCC_WARN_UNDECLARED_SELECTOR = YES;
				GCC_WARN_UNINITIALIZED_AUTOS = YES_AGGRESSIVE;
				GCC_WARN_UNUSED_FUNCTION = YES;
				GCC_WARN_UNUSED_VARIABLE = YES;
				IPHONEOS_DEPLOYMENT_TARGET = 8.3;
				MTL_ENABLE_DEBUG_INFO = NO;
				SDKROOT = iphoneos;
				TARGETED_DEVICE_FAMILY = "1,2";
				VALIDATE_PRODUCT = YES;
			};
			name = Release;
		};
		569BD6381B2562B6005D7F32 /* Debug */ = {
			isa = XCBuildConfiguration;
			buildSettings = {
				ASSETCATALOG_COMPILER_APPICON_NAME = AppIcon;
				INFOPLIST_FILE = htmlLabel/Info.plist;
				IPHONEOS_DEPLOYMENT_TARGET = 6.1;
				LD_RUNPATH_SEARCH_PATHS = "$(inherited) @executable_path/Frameworks";
				PRODUCT_NAME = htmlLabel;
			};
			name = Debug;
		};
		569BD6391B2562B6005D7F32 /* Release */ = {
			isa = XCBuildConfiguration;
			buildSettings = {
				ASSETCATALOG_COMPILER_APPICON_NAME = AppIcon;
				INFOPLIST_FILE = htmlLabel/Info.plist;
				IPHONEOS_DEPLOYMENT_TARGET = 6.1;
				LD_RUNPATH_SEARCH_PATHS = "$(inherited) @executable_path/Frameworks";
				PRODUCT_NAME = htmlLabel;
			};
			name = Release;
		};
		569BD63B1B2562B6005D7F32 /* Debug */ = {
			isa = XCBuildConfiguration;
			buildSettings = {
				BUNDLE_LOADER = "$(TEST_HOST)";
				FRAMEWORK_SEARCH_PATHS = (
					"$(SDKROOT)/Developer/Library/Frameworks",
					"$(inherited)",
				);
				GCC_PREPROCESSOR_DEFINITIONS = (
					"DEBUG=1",
					"$(inherited)",
				);
				INFOPLIST_FILE = htmlLabelTests/Info.plist;
				LD_RUNPATH_SEARCH_PATHS = "$(inherited) @executable_path/Frameworks @loader_path/Frameworks";
				PRODUCT_NAME = htmlLabelTests;
				TEST_HOST = "$(BUILT_PRODUCTS_DIR)/DeleteLabel.app/DeleteLabel";
			};
			name = Debug;
		};
		569BD63C1B2562B6005D7F32 /* Release */ = {
			isa = XCBuildConfiguration;
			buildSettings = {
				BUNDLE_LOADER = "$(TEST_HOST)";
				FRAMEWORK_SEARCH_PATHS = (
					"$(SDKROOT)/Developer/Library/Frameworks",
					"$(inherited)",
				);
				INFOPLIST_FILE = htmlLabelTests/Info.plist;
				LD_RUNPATH_SEARCH_PATHS = "$(inherited) @executable_path/Frameworks @loader_path/Frameworks";
				PRODUCT_NAME = htmlLabelTests;
				TEST_HOST = "$(BUILT_PRODUCTS_DIR)/DeleteLabel.app/DeleteLabel";
			};
			name = Release;
		};
/* End XCBuildConfiguration section */

/* Begin XCConfigurationList section */
		569BD60F1B2562B5005D7F32 /* Build configuration list for PBXProject "htmlLabel" */ = {
			isa = XCConfigurationList;
			buildConfigurations = (
				569BD6351B2562B6005D7F32 /* Debug */,
				569BD6361B2562B6005D7F32 /* Release */,
			);
			defaultConfigurationIsVisible = 0;
			defaultConfigurationName = Release;
		};
		569BD6371B2562B6005D7F32 /* Build configuration list for PBXNativeTarget "htmlLabel" */ = {
			isa = XCConfigurationList;
			buildConfigurations = (
				569BD6381B2562B6005D7F32 /* Debug */,
				569BD6391B2562B6005D7F32 /* Release */,
			);
			defaultConfigurationIsVisible = 0;
			defaultConfigurationName = Release;
		};
		569BD63A1B2562B6005D7F32 /* Build configuration list for PBXNativeTarget "htmlLabelTests" */ = {
			isa = XCConfigurationList;
			buildConfigurations = (
				569BD63B1B2562B6005D7F32 /* Debug */,
				569BD63C1B2562B6005D7F32 /* Release */,
			);
			defaultConfigurationIsVisible = 0;
			defaultConfigurationName = Release;
		};
/* End XCConfigurationList section */
	};
	rootObject = 569BD60C1B2562B5005D7F32 /* Project object */;
}
